{
  "name": "ap",
  "version": "1.0.0",
  "lockfileVersion": 1,
  "requires": true,
  "dependencies": {
    "arraylist": {
      "version": "0.1.0",
      "resolved": "https://registry.npmjs.org/arraylist/-/arraylist-0.1.0.tgz",
      "integrity": "sha1-dNAWg8MfLb4y2TSqhrpbK23GfaY=",
      "requires": {
        "underscore": "^1.6.0"
      }
    },
    "assertion-error": {
      "version": "1.1.0",
      "resolved": "https://registry.npmjs.org/assertion-error/-/assertion-error-1.1.0.tgz",
      "integrity": "sha512-jgsaNduz+ndvGyFt3uSuWqvy4lCnIJiovtouQN5JZHOKCS2QuhEdbcQHFhVksz2N2U9hXJo8odG7ETyWlEeuDw==",
      "dev": true
    },
    "chai": {
      "version": "4.2.0",
      "resolved": "https://registry.npmjs.org/chai/-/chai-4.2.0.tgz",
      "integrity": "sha512-XQU3bhBukrOsQCuwZndwGcCVQHyZi53fQ6Ys1Fym7E4olpIqqZZhhoFJoaKVvV17lWQoXYwgWN2nF5crA8J2jw==",
      "dev": true,
      "requires": {
        "assertion-error": "^1.1.0",
        "check-error": "^1.0.2",
        "deep-eql": "^3.0.1",
        "get-func-name": "^2.0.0",
        "pathval": "^1.1.0",
        "type-detect": "^4.0.5"
      }
    },
    "check-error": {
      "version": "1.0.2",
      "resolved": "https://registry.npmjs.org/check-error/-/check-error-1.0.2.tgz",
      "integrity": "sha1-V00xLt2Iu13YkS6Sht1sCu1KrII=",
      "dev": true
    },
    "dbly-linked-list": {
      "version": "0.2.0",
      "resolved": "https://registry.npmjs.org/dbly-linked-list/-/dbly-linked-list-0.2.0.tgz",
      "integrity": "sha512-Ool7y15f6JRDs0YKx7Dh9uiTb1jS1SZLNdT3Y2q16DlaEghXbMsmODS/XittjR2xztt1gJUpz7jVxpqAPF8VGg==",
      "requires": {
        "lodash.isequal": "^4.5.0"
      }
    },
    "deep-eql": {
      "version": "3.0.1",
      "resolved": "https://registry.npmjs.org/deep-eql/-/deep-eql-3.0.1.tgz",
      "integrity": "sha512-+QeIQyN5ZuO+3Uk5DYh6/1eKO0m0YmJFGNmFHGACpf1ClL1nmlV/p4gNgbl2pJGxgXb4faqo6UE+M5ACEMyVcw==",
      "dev": true,
      "requires": {
        "type-detect": "^4.0.0"
      }
    },
    "get-func-name": {
      "version": "2.0.0",
      "resolved": "https://registry.npmjs.org/get-func-name/-/get-func-name-2.0.0.tgz",
      "integrity": "sha1-6td0q+5y4gQJQzoGY2YCPdaIekE=",
      "dev": true
    },
    "hashmap": {
      "version": "2.3.0",
      "resolved": "https://registry.npmjs.org/hashmap/-/hashmap-2.3.0.tgz",
      "integrity": "sha1-sT+2XafIul49uPwbjFuh0ASdryI="
    },
    "inherits": {
      "version": "2.0.4",
      "resolved": "https://registry.npmjs.org/inherits/-/inherits-2.0.4.tgz",
      "integrity": "sha512-k/vGaX4/Yla3WzyMCvTQOXYeIHvqOKtnqBduzTHpzpQZzAskKMhZ2K+EnBiSM9zGSoIFeMpXKxa4dYeZIQqewQ=="
    },
    "json-simple": {
      "version": "0.9.6",
      "resolved": "https://registry.npmjs.org/json-simple/-/json-simple-0.9.6.tgz",
      "integrity": "sha1-/w60TtD4CSb8MXRmjwVpf/9Y5o0="
    },
    "list": {
      "version": "2.0.18",
      "resolved": "https://registry.npmjs.org/list/-/list-2.0.18.tgz",
      "integrity": "sha512-yggUtu2zHYKaamBmg8IqXSTJfmeNBEbwY2ODNoXi+Uuu/s7z5vPnp3aQJfEj860BZQR6pfByTIRvAhYFCGCa2A=="
    },
    "lodash.isequal": {
      "version": "4.5.0",
      "resolved": "https://registry.npmjs.org/lodash.isequal/-/lodash.isequal-4.5.0.tgz",
      "integrity": "sha1-QVxEePK8wwEgwizhDtMib30+GOA="
    },
    "pathval": {
      "version": "1.1.0",
      "resolved": "https://registry.npmjs.org/pathval/-/pathval-1.1.0.tgz",
      "integrity": "sha1-uULm1L3mUwBe9rcTYd74cn0GReA=",
      "dev": true
    },
    "queue": {
      "version": "6.0.1",
      "resolved": "https://registry.npmjs.org/queue/-/queue-6.0.1.tgz",
      "integrity": "sha512-AJBQabRCCNr9ANq8v77RJEv73DPbn55cdTb+Giq4X0AVnNVZvMHlYp7XlQiN+1npCZj1DuSmaA2hYVUUDgxFDg==",
      "requires": {
        "inherits": "~2.0.3"
      }
    },
    "queue-fifo": {
      "version": "0.2.6",
      "resolved": "https://registry.npmjs.org/queue-fifo/-/queue-fifo-0.2.6.tgz",
      "integrity": "sha512-rwlnZHAaTmWEGKC7ziasK8u4QnZW/uN6kSiG+tHNf/1GA+R32FArZi18s3SYUpKcA0Y6jJoUDn5GT3Anoc2mWw==",
      "requires": {
        "dbly-linked-list": "0.3.4"
      },
      "dependencies": {
        "dbly-linked-list": {
          "version": "0.3.4",
          "resolved": "https://registry.npmjs.org/dbly-linked-list/-/dbly-linked-list-0.3.4.tgz",
          "integrity": "sha512-327vOlwspi9i1T3Kc9yZhRUR8qDdgMQ4HmXsFDDCQ/HTc3sNe7gnF5b0UrsnaOJ0rvmG7yBZpK0NoOux9rKYKw==",
          "requires": {
            "lodash.isequal": "^4.5.0"
          }
        }
      }
    },
    "queuejs": {
      "version": "0.1.0",
      "resolved": "https://registry.npmjs.org/queuejs/-/queuejs-0.1.0.tgz",
      "integrity": "sha1-UkVoQSZXglngTLPv8W/dVU8SIjM="
    },
    "readline-sync": {
      "version": "1.4.10",
      "resolved": "https://registry.npmjs.org/readline-sync/-/readline-sync-1.4.10.tgz",
      "integrity": "sha512-gNva8/6UAe8QYepIQH/jQ2qn91Qj0B9sYjMBBs3QOB8F2CXcKgLxQaJRP76sWVRQt+QU+8fAkCbCvjjMFu7Ycw=="
    },
    "stack-lifo": {
      "version": "0.1.6",
      "resolved": "https://registry.npmjs.org/stack-lifo/-/stack-lifo-0.1.6.tgz",
      "integrity": "sha512-fNXXK6AHbOIExOtJYPb1RlP8OXQr8tlpDNP5I78ZId9uK+MDCcDAkwGWTDACYLXAwOhaKLTYwkoSOihAt+/cLg==",
      "requires": {
        "dbly-linked-list": "0.2.0"
      }
    },
    "stackjs": {
      "version": "0.1.0",
      "resolved": "https://registry.npmjs.org/stackjs/-/stackjs-0.1.0.tgz",
      "integrity": "sha1-38niwlbnok8xDVx/m1wL85PbMEo="
    },
    "type-detect": {
      "version": "4.0.8",
      "resolved": "https://registry.npmjs.org/type-detect/-/type-detect-4.0.8.tgz",
      "integrity": "sha512-0fr/mIH1dlO+x7TlcMy+bIDqKPsw/70tVyeHW787goQjhmqaZe10uwLujubK9q9Lg6Fiho1KUKDYz0Z7k7g5/g==",
      "dev": true
    },
    "underscore": {
      "version": "1.9.1",
      "resolved": "https://registry.npmjs.org/underscore/-/underscore-1.9.1.tgz",
      "integrity": "sha512-5/4etnCkd9c8gwgowi5/om/mYO5ajCaOgdzj/oW+0eQV9WxKBDZw5+ycmKmeaTXjInS/W0BzpGLo2xR2aBwZdg=="
    }
  }
}
